{
    "version": 3,
    "terraform_version": "0.11.11",
    "serial": 9,
    "lineage": "c77ce3e6-57b6-a1e4-702e-1b37fbb0e23d",
    "modules": [
        {
            "path": [
                "root"
            ],
            "outputs": {
                "rds_endpoint": {
                    "sensitive": false,
                    "type": "string",
                    "value": "rds-cqfhxy29fb02c1.cn8bk4ibzsvu.eu-west-1.rds.amazonaws.com:3306"
                }
            },
            "resources": {
                "aws_db_instance.default": {
                    "type": "aws_db_instance",
                    "depends_on": [
                        "aws_db_subnet_group.rds",
                        "aws_security_group.rds"
                    ],
                    "primary": {
                        "id": "rds-cqfhxy29fb02c1",
                        "attributes": {
                            "address": "",
                            "allocated_storage": "20",
                            "arn": "arn:aws:rds:eu-west-1:513341655526:db:rds-cqfhxy29fb02c1",
                            "auto_minor_version_upgrade": "true",
                            "availability_zone": "eu-west-1a",
                            "backup_retention_period": "0",
                            "backup_window": "23:49-00:19",
                            "ca_cert_identifier": "rds-ca-2010",
                            "copy_tags_to_snapshot": "false",
                            "db_subnet_group_name": "rds-cqfhxy29fb02c1-subnet-group",
                            "deletion_protection": "false",
                            "domain": "",
                            "domain_iam_role_name": "",
                            "enabled_cloudwatch_logs_exports.#": "0",
                            "endpoint": "rds-cqfhxy29fb02c1.cn8bk4ibzsvu.eu-west-1.rds.amazonaws.com:3306",
                            "engine": "mysql",
                            "engine_version": "5.7.22",
                            "hosted_zone_id": "",
                            "iam_database_authentication_enabled": "false",
                            "id": "rds-cqfhxy29fb02c1",
                            "identifier": "rds-cqfhxy29fb02c1",
                            "instance_class": "db.t2.micro",
                            "iops": "0",
                            "kms_key_id": "",
                            "license_model": "general-public-license",
                            "maintenance_window": "sun:04:44-sun:05:14",
                            "max_allocated_storage": "0",
                            "monitoring_interval": "0",
                            "multi_az": "false",
                            "name": "demo_db",
                            "option_group_name": "default:mysql-5-7",
                            "parameter_group_name": "default.mysql5.7",
                            "password": "Quali0525112708",
                            "performance_insights_enabled": "false",
                            "performance_insights_kms_key_id": "",
                            "performance_insights_retention_period": "0",
                            "port": "3306",
                            "publicly_accessible": "false",
                            "replicas.#": "0",
                            "replicate_source_db": "",
                            "resource_id": "db-W4ZERDIFURFGFBXKCQMGGPA6II",
                            "security_group_names.#": "0",
                            "skip_final_snapshot": "false",
                            "status": "deleting",
                            "storage_encrypted": "false",
                            "storage_type": "gp2",
                            "tags.%": "0",
                            "timezone": "",
                            "username": "admin",
                            "vpc_security_group_ids.#": "1",
                            "vpc_security_group_ids.2762777234": "sg-04d5846ffde8670a7"
                        },
                        "meta": {
                            "e2bfb730-ecaa-11e6-8f88-34363bc7c4c0": {
                                "create": 2400000000000,
                                "delete": 2400000000000,
                                "update": 4800000000000
                            }
                        },
                        "tainted": false
                    },
                    "deposed": [],
                    "provider": "provider.aws"
                },
                "aws_db_subnet_group.rds": {
                    "type": "aws_db_subnet_group",
                    "depends_on": [
                        "data.aws_subnet_ids.apps_subnets"
                    ],
                    "primary": {
                        "id": "rds-cqfhxy29fb02c1-subnet-group",
                        "attributes": {
                            "arn": "arn:aws:rds:eu-west-1:513341655526:subgrp:rds-cqfhxy29fb02c1-subnet-group",
                            "description": "Managed by Terraform",
                            "id": "rds-cqfhxy29fb02c1-subnet-group",
                            "name": "rds-cqfhxy29fb02c1-subnet-group",
                            "subnet_ids.#": "2",
                            "subnet_ids.1952060517": "subnet-099bedfd2f6900ca1",
                            "subnet_ids.2070780817": "subnet-0fe562d03440b8e99",
                            "tags.%": "1",
                            "tags.Name": "DB subnet group"
                        },
                        "meta": {},
                        "tainted": false
                    },
                    "deposed": [],
                    "provider": "provider.aws"
                },
                "aws_security_group.rds": {
                    "type": "aws_security_group",
                    "depends_on": [
                        "data.aws_vpc.default"
                    ],
                    "primary": {
                        "id": "sg-046ed14208a410766",
                        "attributes": {
                            "arn": "arn:aws:ec2:eu-west-1:513341655526:security-group/sg-046ed14208a410766",
                            "description": "Allow all inbound traffic",
                            "egress.#": "1",
                            "egress.482069346.cidr_blocks.#": "1",
                            "egress.482069346.cidr_blocks.0": "0.0.0.0/0",
                            "egress.482069346.description": "",
                            "egress.482069346.from_port": "0",
                            "egress.482069346.ipv6_cidr_blocks.#": "0",
                            "egress.482069346.prefix_list_ids.#": "0",
                            "egress.482069346.protocol": "-1",
                            "egress.482069346.security_groups.#": "0",
                            "egress.482069346.self": "false",
                            "egress.482069346.to_port": "0",
                            "id": "sg-046ed14208a410766",
                            "ingress.#": "1",
                            "ingress.3581498979.cidr_blocks.#": "1",
                            "ingress.3581498979.cidr_blocks.0": "10.0.0.0/16",
                            "ingress.3581498979.description": "",
                            "ingress.3581498979.from_port": "0",
                            "ingress.3581498979.ipv6_cidr_blocks.#": "0",
                            "ingress.3581498979.prefix_list_ids.#": "0",
                            "ingress.3581498979.protocol": "TCP",
                            "ingress.3581498979.security_groups.#": "0",
                            "ingress.3581498979.self": "false",
                            "ingress.3581498979.to_port": "65535",
                            "name": "rds-cqfhxy29fb02c1_sg",
                            "owner_id": "513341655526",
                            "revoke_rules_on_delete": "false",
                            "tags.%": "0",
                            "vpc_id": "vpc-063377c4f43e7895e"
                        },
                        "meta": {
                            "e2bfb730-ecaa-11e6-8f88-34363bc7c4c0": {
                                "create": 600000000000,
                                "delete": 600000000000
                            },
                            "schema_version": "1"
                        },
                        "tainted": false
                    },
                    "deposed": [],
                    "provider": "provider.aws"
                },
                "data.aws_subnet_ids.apps_subnets": {
                    "type": "aws_subnet_ids",
                    "depends_on": [],
                    "primary": {
                        "id": "vpc-063377c4f43e7895e",
                        "attributes": {
                            "id": "vpc-063377c4f43e7895e",
                            "ids.#": "2",
                            "ids.1952060517": "subnet-099bedfd2f6900ca1",
                            "ids.2070780817": "subnet-0fe562d03440b8e99",
                            "tags.%": "1",
                            "tags.Name": "app-subnet*",
                            "vpc_id": "vpc-063377c4f43e7895e"
                        },
                        "meta": {},
                        "tainted": false
                    },
                    "deposed": [],
                    "provider": "provider.aws"
                },
                "data.aws_vpc.default": {
                    "type": "aws_vpc",
                    "depends_on": [],
                    "primary": {
                        "id": "vpc-063377c4f43e7895e",
                        "attributes": {
                            "arn": "arn:aws:ec2:eu-west-1:513341655526:vpc/vpc-063377c4f43e7895e",
                            "cidr_block": "10.0.0.0/16",
                            "cidr_block_associations.#": "1",
                            "cidr_block_associations.0.association_id": "vpc-cidr-assoc-085a9578f080e8f4e",
                            "cidr_block_associations.0.cidr_block": "10.0.0.0/16",
                            "cidr_block_associations.0.state": "associated",
                            "default": "false",
                            "dhcp_options_id": "dopt-c57b68a2",
                            "enable_dns_hostnames": "true",
                            "enable_dns_support": "true",
                            "id": "vpc-063377c4f43e7895e",
                            "instance_tenancy": "default",
                            "main_route_table_id": "rtb-0ec6ac6bef967dfdb",
                            "owner_id": "513341655526",
                            "state": "available",
                            "tags.%": "11",
                            "tags.Name": "vpc",
                            "tags.colony-blueprint-name": "no-config-script-aws",
                            "tags.colony-cloud-account-id": "7bd384ff-92d6-4e9b-b44b-828913e3da0b",
                            "tags.colony-deployment-type": "sandbox",
                            "tags.colony-environment": "shayk",
                            "tags.colony-owner-email": "shay.k_quali.com",
                            "tags.colony-sandbox-id": "cqfhxy29fb02c1",
                            "tags.colony-sandbox-name": "ss",
                            "tags.colony-space-id": "5f51fbdb-960b-4c16-9d0e-58b931360370",
                            "tags.colony-space-name": "test",
                            "tags.colony-tags-version": "11"
                        },
                        "meta": {},
                        "tainted": false
                    },
                    "deposed": [],
                    "provider": "provider.aws"
                }
            },
            "depends_on": []
        }
    ]
}
